// !$*UTF8*$!
{
	archiveVersion = 1;
	classes = {
	};
	objectVersion = 56;
	objects = {

/* Begin PBXBuildFile section */
		B50003F12944991E00741BFF /* UserSearch.swift in Sources */ = {isa = PBXBuildFile; fileRef = B50003F02944991E00741BFF /* UserSearch.swift */; };
		B50003F329449B1200741BFF /* SearchTableViewCell.swift in Sources */ = {isa = PBXBuildFile; fileRef = B50003F229449B1200741BFF /* SearchTableViewCell.swift */; };
		B520B53A2923D2EE0075E3AF /* AppDelegate.swift in Sources */ = {isa = PBXBuildFile; fileRef = B520B5392923D2EE0075E3AF /* AppDelegate.swift */; };
		B520B53C2923D2EE0075E3AF /* SceneDelegate.swift in Sources */ = {isa = PBXBuildFile; fileRef = B520B53B2923D2EE0075E3AF /* SceneDelegate.swift */; };
		B520B53E2923D2EE0075E3AF /* RepoListViewController.swift in Sources */ = {isa = PBXBuildFile; fileRef = B520B53D2923D2EE0075E3AF /* RepoListViewController.swift */; };
		B520B5432923D2EF0075E3AF /* Assets.xcassets in Resources */ = {isa = PBXBuildFile; fileRef = B520B5422923D2EF0075E3AF /* Assets.xcassets */; };
		B520B5462923D2EF0075E3AF /* LaunchScreen.storyboard in Resources */ = {isa = PBXBuildFile; fileRef = B520B5442923D2EF0075E3AF /* LaunchScreen.storyboard */; };
		B520B551292639150075E3AF /* NetworkLayer.swift in Sources */ = {isa = PBXBuildFile; fileRef = B520B550292639150075E3AF /* NetworkLayer.swift */; };
		B520B55329263A820075E3AF /* Repo.swift in Sources */ = {isa = PBXBuildFile; fileRef = B520B55229263A820075E3AF /* Repo.swift */; };
		B520B55529264E3D0075E3AF /* LoginViewController.swift in Sources */ = {isa = PBXBuildFile; fileRef = B520B55429264E3D0075E3AF /* LoginViewController.swift */; };
		B55A7AD829448DBE00274988 /* CustomUIImageView.swift in Sources */ = {isa = PBXBuildFile; fileRef = B55A7AD729448DBE00274988 /* CustomUIImageView.swift */; };
		B58822B029268767008B67B3 /* Token.swift in Sources */ = {isa = PBXBuildFile; fileRef = B58822AF29268767008B67B3 /* Token.swift */; };
		B5946723292A97C700D7B53F /* UserProfileViewModel.swift in Sources */ = {isa = PBXBuildFile; fileRef = B5946722292A97C700D7B53F /* UserProfileViewModel.swift */; };
		B5946725292A9AFD00D7B53F /* UserProfileView+Alert.swift in Sources */ = {isa = PBXBuildFile; fileRef = B5946724292A9AFD00D7B53F /* UserProfileView+Alert.swift */; };
		B5946727292B49C300D7B53F /* PeopleListViewController.swift in Sources */ = {isa = PBXBuildFile; fileRef = B5946726292B49C300D7B53F /* PeopleListViewController.swift */; };
		B594672C292B58C100D7B53F /* PeopleTableViewCell.swift in Sources */ = {isa = PBXBuildFile; fileRef = B594672B292B58C100D7B53F /* PeopleTableViewCell.swift */; };
		B5946737292E3FEC00D7B53F /* RepoContent.swift in Sources */ = {isa = PBXBuildFile; fileRef = B5946736292E3FEC00D7B53F /* RepoContent.swift */; };
		B5946739292E422B00D7B53F /* RepoContentListViewController.swift in Sources */ = {isa = PBXBuildFile; fileRef = B5946738292E422B00D7B53F /* RepoContentListViewController.swift */; };
		B594673B292E4AFC00D7B53F /* String+DecodeContent.swift in Sources */ = {isa = PBXBuildFile; fileRef = B594673A292E4AFC00D7B53F /* String+DecodeContent.swift */; };
		B594673D292E507300D7B53F /* FileContentViewController.swift in Sources */ = {isa = PBXBuildFile; fileRef = B594673C292E507300D7B53F /* FileContentViewController.swift */; };
		B5C03BD6295D81CD00B977C6 /* UITableView+Message.swift in Sources */ = {isa = PBXBuildFile; fileRef = B5C03BD5295D81CD00B977C6 /* UITableView+Message.swift */; };
		B5C03BD8295D87FD00B977C6 /* UILabel+LoadingIndicator.swift in Sources */ = {isa = PBXBuildFile; fileRef = B5C03BD7295D87FD00B977C6 /* UILabel+LoadingIndicator.swift */; };
		B5C03BDA295D8AF000B977C6 /* UITableViewCell+LoadingIndicator.swift in Sources */ = {isa = PBXBuildFile; fileRef = B5C03BD9295D8AF000B977C6 /* UITableViewCell+LoadingIndicator.swift */; };
		B5C4DC6F2933492700809815 /* Endpoint.swift in Sources */ = {isa = PBXBuildFile; fileRef = B5C4DC6E2933492700809815 /* Endpoint.swift */; };
		B5C4DC71293355C100809815 /* NetworkConstant.swift in Sources */ = {isa = PBXBuildFile; fileRef = B5C4DC70293355C100809815 /* NetworkConstant.swift */; };
		B5C4DC732933602800809815 /* RepoContentViewModel.swift in Sources */ = {isa = PBXBuildFile; fileRef = B5C4DC722933602800809815 /* RepoContentViewModel.swift */; };
		B5C4DC752933612E00809815 /* RepoListViewModel.swift in Sources */ = {isa = PBXBuildFile; fileRef = B5C4DC742933612E00809815 /* RepoListViewModel.swift */; };
		B5C4DC772933622C00809815 /* PeopleListViewModel.swift in Sources */ = {isa = PBXBuildFile; fileRef = B5C4DC762933622C00809815 /* PeopleListViewModel.swift */; };
		B5C4DC7C2933655100809815 /* SeachViewModel.swift in Sources */ = {isa = PBXBuildFile; fileRef = B5C4DC7B2933655100809815 /* SeachViewModel.swift */; };
		B5C4DC7E29336C9200809815 /* RepoList+Alert.swift in Sources */ = {isa = PBXBuildFile; fileRef = B5C4DC7D29336C9200809815 /* RepoList+Alert.swift */; };
		B5FC044F2928ED240048A949 /* MainTabBarViewController.swift in Sources */ = {isa = PBXBuildFile; fileRef = B5FC044E2928ED240048A949 /* MainTabBarViewController.swift */; };
		B5FC04512928FA860048A949 /* SearchViewController.swift in Sources */ = {isa = PBXBuildFile; fileRef = B5FC04502928FA860048A949 /* SearchViewController.swift */; };
		B5FC04532929044B0048A949 /* UserProfileViewController.swift in Sources */ = {isa = PBXBuildFile; fileRef = B5FC04522929044B0048A949 /* UserProfileViewController.swift */; };
		B5FC0455292907110048A949 /* User.swift in Sources */ = {isa = PBXBuildFile; fileRef = B5FC0454292907110048A949 /* User.swift */; };
		B5FC045D292A72DB0048A949 /* LoginViewModel.swift in Sources */ = {isa = PBXBuildFile; fileRef = B5FC045C292A72DB0048A949 /* LoginViewModel.swift */; };
		B5FC0462292A7CE50048A949 /* LoginView.swift in Sources */ = {isa = PBXBuildFile; fileRef = B5FC0461292A7CE50048A949 /* LoginView.swift */; };
		B5FC0464292A7DC50048A949 /* SearchView.swift in Sources */ = {isa = PBXBuildFile; fileRef = B5FC0463292A7DC50048A949 /* SearchView.swift */; };
		B5FC0468292A7EE80048A949 /* UserProfileView.swift in Sources */ = {isa = PBXBuildFile; fileRef = B5FC0467292A7EE80048A949 /* UserProfileView.swift */; };
		B5FC046B292A81E60048A949 /* SearchView+Alert.swift in Sources */ = {isa = PBXBuildFile; fileRef = B5FC046A292A81E60048A949 /* SearchView+Alert.swift */; };
		B5FC046D292A8E680048A949 /* UIButtonWithActivityIndicator.swift in Sources */ = {isa = PBXBuildFile; fileRef = B5FC046C292A8E680048A949 /* UIButtonWithActivityIndicator.swift */; };
/* End PBXBuildFile section */

/* Begin PBXFileReference section */
		B50003F02944991E00741BFF /* UserSearch.swift */ = {isa = PBXFileReference; lastKnownFileType = sourcecode.swift; path = UserSearch.swift; sourceTree = "<group>"; };
		B50003F229449B1200741BFF /* SearchTableViewCell.swift */ = {isa = PBXFileReference; lastKnownFileType = sourcecode.swift; path = SearchTableViewCell.swift; sourceTree = "<group>"; };
		B520B5362923D2EE0075E3AF /* GithubAPI_App.app */ = {isa = PBXFileReference; explicitFileType = wrapper.application; includeInIndex = 0; path = GithubAPI_App.app; sourceTree = BUILT_PRODUCTS_DIR; };
		B520B5392923D2EE0075E3AF /* AppDelegate.swift */ = {isa = PBXFileReference; lastKnownFileType = sourcecode.swift; path = AppDelegate.swift; sourceTree = "<group>"; };
		B520B53B2923D2EE0075E3AF /* SceneDelegate.swift */ = {isa = PBXFileReference; lastKnownFileType = sourcecode.swift; path = SceneDelegate.swift; sourceTree = "<group>"; };
		B520B53D2923D2EE0075E3AF /* RepoListViewController.swift */ = {isa = PBXFileReference; lastKnownFileType = sourcecode.swift; path = RepoListViewController.swift; sourceTree = "<group>"; };
		B520B5422923D2EF0075E3AF /* Assets.xcassets */ = {isa = PBXFileReference; lastKnownFileType = folder.assetcatalog; path = Assets.xcassets; sourceTree = "<group>"; };
		B520B5452923D2EF0075E3AF /* Base */ = {isa = PBXFileReference; lastKnownFileType = file.storyboard; name = Base; path = Base.lproj/LaunchScreen.storyboard; sourceTree = "<group>"; };
		B520B5472923D2EF0075E3AF /* Info.plist */ = {isa = PBXFileReference; lastKnownFileType = text.plist.xml; path = Info.plist; sourceTree = "<group>"; };
		B520B550292639150075E3AF /* NetworkLayer.swift */ = {isa = PBXFileReference; lastKnownFileType = sourcecode.swift; path = NetworkLayer.swift; sourceTree = "<group>"; };
		B520B55229263A820075E3AF /* Repo.swift */ = {isa = PBXFileReference; lastKnownFileType = sourcecode.swift; path = Repo.swift; sourceTree = "<group>"; };
		B520B55429264E3D0075E3AF /* LoginViewController.swift */ = {isa = PBXFileReference; lastKnownFileType = sourcecode.swift; path = LoginViewController.swift; sourceTree = "<group>"; };
		B55A7AD729448DBE00274988 /* CustomUIImageView.swift */ = {isa = PBXFileReference; lastKnownFileType = sourcecode.swift; path = CustomUIImageView.swift; sourceTree = "<group>"; };
		B58822AF29268767008B67B3 /* Token.swift */ = {isa = PBXFileReference; lastKnownFileType = sourcecode.swift; path = Token.swift; sourceTree = "<group>"; };
		B5946722292A97C700D7B53F /* UserProfileViewModel.swift */ = {isa = PBXFileReference; lastKnownFileType = sourcecode.swift; path = UserProfileViewModel.swift; sourceTree = "<group>"; };
		B5946724292A9AFD00D7B53F /* UserProfileView+Alert.swift */ = {isa = PBXFileReference; lastKnownFileType = sourcecode.swift; path = "UserProfileView+Alert.swift"; sourceTree = "<group>"; };
		B5946726292B49C300D7B53F /* PeopleListViewController.swift */ = {isa = PBXFileReference; lastKnownFileType = sourcecode.swift; path = PeopleListViewController.swift; sourceTree = "<group>"; };
		B594672B292B58C100D7B53F /* PeopleTableViewCell.swift */ = {isa = PBXFileReference; lastKnownFileType = sourcecode.swift; path = PeopleTableViewCell.swift; sourceTree = "<group>"; };
		B5946736292E3FEC00D7B53F /* RepoContent.swift */ = {isa = PBXFileReference; lastKnownFileType = sourcecode.swift; path = RepoContent.swift; sourceTree = "<group>"; };
		B5946738292E422B00D7B53F /* RepoContentListViewController.swift */ = {isa = PBXFileReference; lastKnownFileType = sourcecode.swift; path = RepoContentListViewController.swift; sourceTree = "<group>"; };
		B594673A292E4AFC00D7B53F /* String+DecodeContent.swift */ = {isa = PBXFileReference; lastKnownFileType = sourcecode.swift; path = "String+DecodeContent.swift"; sourceTree = "<group>"; };
		B594673C292E507300D7B53F /* FileContentViewController.swift */ = {isa = PBXFileReference; lastKnownFileType = sourcecode.swift; path = FileContentViewController.swift; sourceTree = "<group>"; };
		B5C03BD5295D81CD00B977C6 /* UITableView+Message.swift */ = {isa = PBXFileReference; lastKnownFileType = sourcecode.swift; path = "UITableView+Message.swift"; sourceTree = "<group>"; };
		B5C03BD7295D87FD00B977C6 /* UILabel+LoadingIndicator.swift */ = {isa = PBXFileReference; lastKnownFileType = sourcecode.swift; path = "UILabel+LoadingIndicator.swift"; sourceTree = "<group>"; };
		B5C03BD9295D8AF000B977C6 /* UITableViewCell+LoadingIndicator.swift */ = {isa = PBXFileReference; lastKnownFileType = sourcecode.swift; path = "UITableViewCell+LoadingIndicator.swift"; sourceTree = "<group>"; };
		B5C4DC6E2933492700809815 /* Endpoint.swift */ = {isa = PBXFileReference; lastKnownFileType = sourcecode.swift; path = Endpoint.swift; sourceTree = "<group>"; };
		B5C4DC70293355C100809815 /* NetworkConstant.swift */ = {isa = PBXFileReference; lastKnownFileType = sourcecode.swift; path = NetworkConstant.swift; sourceTree = "<group>"; };
		B5C4DC722933602800809815 /* RepoContentViewModel.swift */ = {isa = PBXFileReference; lastKnownFileType = sourcecode.swift; path = RepoContentViewModel.swift; sourceTree = "<group>"; };
		B5C4DC742933612E00809815 /* RepoListViewModel.swift */ = {isa = PBXFileReference; lastKnownFileType = sourcecode.swift; path = RepoListViewModel.swift; sourceTree = "<group>"; };
		B5C4DC762933622C00809815 /* PeopleListViewModel.swift */ = {isa = PBXFileReference; lastKnownFileType = sourcecode.swift; path = PeopleListViewModel.swift; sourceTree = "<group>"; };
		B5C4DC7B2933655100809815 /* SeachViewModel.swift */ = {isa = PBXFileReference; lastKnownFileType = sourcecode.swift; path = SeachViewModel.swift; sourceTree = "<group>"; };
		B5C4DC7D29336C9200809815 /* RepoList+Alert.swift */ = {isa = PBXFileReference; lastKnownFileType = sourcecode.swift; path = "RepoList+Alert.swift"; sourceTree = "<group>"; };
		B5FC044E2928ED240048A949 /* MainTabBarViewController.swift */ = {isa = PBXFileReference; lastKnownFileType = sourcecode.swift; path = MainTabBarViewController.swift; sourceTree = "<group>"; };
		B5FC04502928FA860048A949 /* SearchViewController.swift */ = {isa = PBXFileReference; lastKnownFileType = sourcecode.swift; path = SearchViewController.swift; sourceTree = "<group>"; };
		B5FC04522929044B0048A949 /* UserProfileViewController.swift */ = {isa = PBXFileReference; lastKnownFileType = sourcecode.swift; path = UserProfileViewController.swift; sourceTree = "<group>"; };
		B5FC0454292907110048A949 /* User.swift */ = {isa = PBXFileReference; lastKnownFileType = sourcecode.swift; path = User.swift; sourceTree = "<group>"; };
		B5FC045C292A72DB0048A949 /* LoginViewModel.swift */ = {isa = PBXFileReference; lastKnownFileType = sourcecode.swift; path = LoginViewModel.swift; sourceTree = "<group>"; };
		B5FC0461292A7CE50048A949 /* LoginView.swift */ = {isa = PBXFileReference; lastKnownFileType = sourcecode.swift; path = LoginView.swift; sourceTree = "<group>"; };
		B5FC0463292A7DC50048A949 /* SearchView.swift */ = {isa = PBXFileReference; lastKnownFileType = sourcecode.swift; path = SearchView.swift; sourceTree = "<group>"; };
		B5FC0467292A7EE80048A949 /* UserProfileView.swift */ = {isa = PBXFileReference; lastKnownFileType = sourcecode.swift; path = UserProfileView.swift; sourceTree = "<group>"; };
		B5FC046A292A81E60048A949 /* SearchView+Alert.swift */ = {isa = PBXFileReference; lastKnownFileType = sourcecode.swift; path = "SearchView+Alert.swift"; sourceTree = "<group>"; };
		B5FC046C292A8E680048A949 /* UIButtonWithActivityIndicator.swift */ = {isa = PBXFileReference; lastKnownFileType = sourcecode.swift; path = UIButtonWithActivityIndicator.swift; sourceTree = "<group>"; };
/* End PBXFileReference section */

/* Begin PBXFrameworksBuildPhase section */
		B520B5332923D2EE0075E3AF /* Frameworks */ = {
			isa = PBXFrameworksBuildPhase;
			buildActionMask = 2147483647;
			files = (
			);
			runOnlyForDeploymentPostprocessing = 0;
		};
/* End PBXFrameworksBuildPhase section */

/* Begin PBXGroup section */
		B50003F429449B8F00741BFF /* Cell */ = {
			isa = PBXGroup;
			children = (
				B50003F229449B1200741BFF /* SearchTableViewCell.swift */,
			);
			path = Cell;
			sourceTree = "<group>";
		};
		B520B52D2923D2EE0075E3AF = {
			isa = PBXGroup;
			children = (
				B520B5382923D2EE0075E3AF /* GithubAPI_App */,
				B520B5372923D2EE0075E3AF /* Products */,
			);
			sourceTree = "<group>";
		};
		B520B5372923D2EE0075E3AF /* Products */ = {
			isa = PBXGroup;
			children = (
				B520B5362923D2EE0075E3AF /* GithubAPI_App.app */,
			);
			name = Products;
			sourceTree = "<group>";
		};
		B520B5382923D2EE0075E3AF /* GithubAPI_App */ = {
			isa = PBXGroup;
			children = (
				B520B54E2923D3B10075E3AF /* App */,
				B58822A929265806008B67B3 /* Network */,
				B5FC045829291E020048A949 /* Extension */,
				B5FC046E292A91180048A949 /* Subclass */,
				B520B54D2923D3AD0075E3AF /* Modules */,
				B58822A8292657FD008B67B3 /* Model */,
				B520B54F2923D3C10075E3AF /* Resourses */,
			);
			path = GithubAPI_App;
			sourceTree = "<group>";
		};
		B520B54D2923D3AD0075E3AF /* Modules */ = {
			isa = PBXGroup;
			children = (
				B5946733292B5E6500D7B53F /* TabBar */,
				B5FC0460292A72FD0048A949 /* Search */,
				B5FC045E292A72E90048A949 /* Login */,
				B5FC045F292A72F80048A949 /* Profile */,
			);
			path = Modules;
			sourceTree = "<group>";
		};
		B520B54E2923D3B10075E3AF /* App */ = {
			isa = PBXGroup;
			children = (
				B520B5392923D2EE0075E3AF /* AppDelegate.swift */,
				B520B53B2923D2EE0075E3AF /* SceneDelegate.swift */,
				B520B5442923D2EF0075E3AF /* LaunchScreen.storyboard */,
				B520B5472923D2EF0075E3AF /* Info.plist */,
			);
			path = App;
			sourceTree = "<group>";
		};
		B520B54F2923D3C10075E3AF /* Resourses */ = {
			isa = PBXGroup;
			children = (
				B520B5422923D2EF0075E3AF /* Assets.xcassets */,
			);
			path = Resourses;
			sourceTree = "<group>";
		};
		B52430842940EF8C000DA05F /* View */ = {
			isa = PBXGroup;
			children = (
				B5FC0463292A7DC50048A949 /* SearchView.swift */,
			);
			path = View;
			sourceTree = "<group>";
		};
		B52430852940EF92000DA05F /* Controller */ = {
			isa = PBXGroup;
			children = (
				B5FC04502928FA860048A949 /* SearchViewController.swift */,
			);
			path = Controller;
			sourceTree = "<group>";
		};
		B52430862940EF97000DA05F /* ViewModel */ = {
			isa = PBXGroup;
			children = (
				B5C4DC7B2933655100809815 /* SeachViewModel.swift */,
			);
			path = ViewModel;
			sourceTree = "<group>";
		};
		B52430872940EF9D000DA05F /* View */ = {
			isa = PBXGroup;
			children = (
				B5FC0461292A7CE50048A949 /* LoginView.swift */,
			);
			path = View;
			sourceTree = "<group>";
		};
		B52430882940EFA5000DA05F /* Controller */ = {
			isa = PBXGroup;
			children = (
				B520B55429264E3D0075E3AF /* LoginViewController.swift */,
			);
			path = Controller;
			sourceTree = "<group>";
		};
		B52430892940EFAA000DA05F /* ViewModel */ = {
			isa = PBXGroup;
			children = (
				B5FC045C292A72DB0048A949 /* LoginViewModel.swift */,
			);
			path = ViewModel;
			sourceTree = "<group>";
		};
		B524308A2940EFCC000DA05F /* Main */ = {
			isa = PBXGroup;
			children = (
				B594672D292B58C500D7B53F /* Cell */,
				B594672E292B5D5200D7B53F /* View */,
				B594672F292B5D6300D7B53F /* Controller */,
				B5FC0469292A7EEE0048A949 /* ViewModel */,
			);
			path = Main;
			sourceTree = "<group>";
		};
		B524308B2940F18F000DA05F /* Alerts */ = {
			isa = PBXGroup;
			children = (
				B5FC046A292A81E60048A949 /* SearchView+Alert.swift */,
				B5946724292A9AFD00D7B53F /* UserProfileView+Alert.swift */,
				B5C4DC7D29336C9200809815 /* RepoList+Alert.swift */,
			);
			path = Alerts;
			sourceTree = "<group>";
		};
		B58822A8292657FD008B67B3 /* Model */ = {
			isa = PBXGroup;
			children = (
				B520B55229263A820075E3AF /* Repo.swift */,
				B58822AF29268767008B67B3 /* Token.swift */,
				B5FC0454292907110048A949 /* User.swift */,
				B5946736292E3FEC00D7B53F /* RepoContent.swift */,
				B50003F02944991E00741BFF /* UserSearch.swift */,
			);
			path = Model;
			sourceTree = "<group>";
		};
		B58822A929265806008B67B3 /* Network */ = {
			isa = PBXGroup;
			children = (
				B5C4DC70293355C100809815 /* NetworkConstant.swift */,
				B520B550292639150075E3AF /* NetworkLayer.swift */,
				B5C4DC6E2933492700809815 /* Endpoint.swift */,
			);
			path = Network;
			sourceTree = "<group>";
		};
		B594672D292B58C500D7B53F /* Cell */ = {
			isa = PBXGroup;
			children = (
				B594672B292B58C100D7B53F /* PeopleTableViewCell.swift */,
			);
			path = Cell;
			sourceTree = "<group>";
		};
		B594672E292B5D5200D7B53F /* View */ = {
			isa = PBXGroup;
			children = (
				B5FC0467292A7EE80048A949 /* UserProfileView.swift */,
			);
			path = View;
			sourceTree = "<group>";
		};
		B594672F292B5D6300D7B53F /* Controller */ = {
			isa = PBXGroup;
			children = (
				B5FC04522929044B0048A949 /* UserProfileViewController.swift */,
				B5946726292B49C300D7B53F /* PeopleListViewController.swift */,
			);
			path = Controller;
			sourceTree = "<group>";
		};
		B5946733292B5E6500D7B53F /* TabBar */ = {
			isa = PBXGroup;
			children = (
				B5FC044E2928ED240048A949 /* MainTabBarViewController.swift */,
			);
			path = TabBar;
			sourceTree = "<group>";
		};
		B594673E292E591C00D7B53F /* RepoContent */ = {
			isa = PBXGroup;
			children = (
				B5C4DC7A2933652300809815 /* Controller */,
				B5C4DC78293364FF00809815 /* ViewModel */,
			);
			path = RepoContent;
			sourceTree = "<group>";
		};
		B5C4DC78293364FF00809815 /* ViewModel */ = {
			isa = PBXGroup;
			children = (
				B5C4DC742933612E00809815 /* RepoListViewModel.swift */,
				B5C4DC722933602800809815 /* RepoContentViewModel.swift */,
			);
			path = ViewModel;
			sourceTree = "<group>";
		};
		B5C4DC7A2933652300809815 /* Controller */ = {
			isa = PBXGroup;
			children = (
				B520B53D2923D2EE0075E3AF /* RepoListViewController.swift */,
				B5946738292E422B00D7B53F /* RepoContentListViewController.swift */,
				B594673C292E507300D7B53F /* FileContentViewController.swift */,
			);
			path = Controller;
			sourceTree = "<group>";
		};
		B5FC045829291E020048A949 /* Extension */ = {
			isa = PBXGroup;
			children = (
				B594673A292E4AFC00D7B53F /* String+DecodeContent.swift */,
				B5C03BD5295D81CD00B977C6 /* UITableView+Message.swift */,
				B5C03BD9295D8AF000B977C6 /* UITableViewCell+LoadingIndicator.swift */,
				B5C03BD7295D87FD00B977C6 /* UILabel+LoadingIndicator.swift */,
				B524308B2940F18F000DA05F /* Alerts */,
			);
			path = Extension;
			sourceTree = "<group>";
		};
		B5FC045E292A72E90048A949 /* Login */ = {
			isa = PBXGroup;
			children = (
				B52430872940EF9D000DA05F /* View */,
				B52430882940EFA5000DA05F /* Controller */,
				B52430892940EFAA000DA05F /* ViewModel */,
			);
			path = Login;
			sourceTree = "<group>";
		};
		B5FC045F292A72F80048A949 /* Profile */ = {
			isa = PBXGroup;
			children = (
				B524308A2940EFCC000DA05F /* Main */,
				B594673E292E591C00D7B53F /* RepoContent */,
			);
			path = Profile;
			sourceTree = "<group>";
		};
		B5FC0460292A72FD0048A949 /* Search */ = {
			isa = PBXGroup;
			children = (
				B50003F429449B8F00741BFF /* Cell */,
				B52430842940EF8C000DA05F /* View */,
				B52430852940EF92000DA05F /* Controller */,
				B52430862940EF97000DA05F /* ViewModel */,
			);
			path = Search;
			sourceTree = "<group>";
		};
		B5FC0469292A7EEE0048A949 /* ViewModel */ = {
			isa = PBXGroup;
			children = (
				B5946722292A97C700D7B53F /* UserProfileViewModel.swift */,
				B5C4DC762933622C00809815 /* PeopleListViewModel.swift */,
			);
			path = ViewModel;
			sourceTree = "<group>";
		};
		B5FC046E292A91180048A949 /* Subclass */ = {
			isa = PBXGroup;
			children = (
				B5FC046C292A8E680048A949 /* UIButtonWithActivityIndicator.swift */,
				B55A7AD729448DBE00274988 /* CustomUIImageView.swift */,
			);
			path = Subclass;
			sourceTree = "<group>";
		};
/* End PBXGroup section */

/* Begin PBXNativeTarget section */
		B520B5352923D2EE0075E3AF /* GithubAPI_App */ = {
			isa = PBXNativeTarget;
			buildConfigurationList = B520B54A2923D2EF0075E3AF /* Build configuration list for PBXNativeTarget "GithubAPI_App" */;
			buildPhases = (
				B520B5322923D2EE0075E3AF /* Sources */,
				B520B5332923D2EE0075E3AF /* Frameworks */,
				B520B5342923D2EE0075E3AF /* Resources */,
			);
			buildRules = (
			);
			dependencies = (
			);
			name = GithubAPI_App;
			packageProductDependencies = (
			);
			productName = GithubAPI_App;
			productReference = B520B5362923D2EE0075E3AF /* GithubAPI_App.app */;
			productType = "com.apple.product-type.application";
		};
/* End PBXNativeTarget section */

/* Begin PBXProject section */
		B520B52E2923D2EE0075E3AF /* Project object */ = {
			isa = PBXProject;
			attributes = {
				BuildIndependentTargetsInParallel = 1;
				LastSwiftUpdateCheck = 1400;
				LastUpgradeCheck = 1400;
				TargetAttributes = {
					B520B5352923D2EE0075E3AF = {
						CreatedOnToolsVersion = 14.0.1;
					};
				};
			};
			buildConfigurationList = B520B5312923D2EE0075E3AF /* Build configuration list for PBXProject "GithubAPI_App" */;
			compatibilityVersion = "Xcode 14.0";
			developmentRegion = en;
			hasScannedForEncodings = 0;
			knownRegions = (
				en,
				Base,
			);
			mainGroup = B520B52D2923D2EE0075E3AF;
			packageReferences = (
			);
			productRefGroup = B520B5372923D2EE0075E3AF /* Products */;
			projectDirPath = "";
			projectRoot = "";
			targets = (
				B520B5352923D2EE0075E3AF /* GithubAPI_App */,
			);
		};
/* End PBXProject section */

/* Begin PBXResourcesBuildPhase section */
		B520B5342923D2EE0075E3AF /* Resources */ = {
			isa = PBXResourcesBuildPhase;
			buildActionMask = 2147483647;
			files = (
				B520B5462923D2EF0075E3AF /* LaunchScreen.storyboard in Resources */,
				B520B5432923D2EF0075E3AF /* Assets.xcassets in Resources */,
			);
			runOnlyForDeploymentPostprocessing = 0;
		};
/* End PBXResourcesBuildPhase section */

/* Begin PBXSourcesBuildPhase section */
		B520B5322923D2EE0075E3AF /* Sources */ = {
			isa = PBXSourcesBuildPhase;
			buildActionMask = 2147483647;
			files = (
				B520B55529264E3D0075E3AF /* LoginViewController.swift in Sources */,
				B5C4DC6F2933492700809815 /* Endpoint.swift in Sources */,
				B594673B292E4AFC00D7B53F /* String+DecodeContent.swift in Sources */,
				B5FC046D292A8E680048A949 /* UIButtonWithActivityIndicator.swift in Sources */,
				B5C4DC71293355C100809815 /* NetworkConstant.swift in Sources */,
				B5FC04532929044B0048A949 /* UserProfileViewController.swift in Sources */,
				B5FC044F2928ED240048A949 /* MainTabBarViewController.swift in Sources */,
				B5946725292A9AFD00D7B53F /* UserProfileView+Alert.swift in Sources */,
				B50003F12944991E00741BFF /* UserSearch.swift in Sources */,
				B5C03BD6295D81CD00B977C6 /* UITableView+Message.swift in Sources */,
				B5C4DC752933612E00809815 /* RepoListViewModel.swift in Sources */,
				B594673D292E507300D7B53F /* FileContentViewController.swift in Sources */,
				B58822B029268767008B67B3 /* Token.swift in Sources */,
				B5FC0462292A7CE50048A949 /* LoginView.swift in Sources */,
				B5FC046B292A81E60048A949 /* SearchView+Alert.swift in Sources */,
				B5FC04512928FA860048A949 /* SearchViewController.swift in Sources */,
				B5946739292E422B00D7B53F /* RepoContentListViewController.swift in Sources */,
				B5946727292B49C300D7B53F /* PeopleListViewController.swift in Sources */,
				B520B551292639150075E3AF /* NetworkLayer.swift in Sources */,
				B520B53E2923D2EE0075E3AF /* RepoListViewController.swift in Sources */,
				B5FC045D292A72DB0048A949 /* LoginViewModel.swift in Sources */,
				B594672C292B58C100D7B53F /* PeopleTableViewCell.swift in Sources */,
				B55A7AD829448DBE00274988 /* CustomUIImageView.swift in Sources */,
				B5946737292E3FEC00D7B53F /* RepoContent.swift in Sources */,
				B5FC0464292A7DC50048A949 /* SearchView.swift in Sources */,
				B5946723292A97C700D7B53F /* UserProfileViewModel.swift in Sources */,
				B5FC0468292A7EE80048A949 /* UserProfileView.swift in Sources */,
				B5C4DC7E29336C9200809815 /* RepoList+Alert.swift in Sources */,
				B5C4DC732933602800809815 /* RepoContentViewModel.swift in Sources */,
				B520B55329263A820075E3AF /* Repo.swift in Sources */,
				B5C03BDA295D8AF000B977C6 /* UITableViewCell+LoadingIndicator.swift in Sources */,
				B520B53A2923D2EE0075E3AF /* AppDelegate.swift in Sources */,
				B520B53C2923D2EE0075E3AF /* SceneDelegate.swift in Sources */,
				B5C4DC772933622C00809815 /* PeopleListViewModel.swift in Sources */,
				B5FC0455292907110048A949 /* User.swift in Sources */,
				B5C4DC7C2933655100809815 /* SeachViewModel.swift in Sources */,
				B50003F329449B1200741BFF /* SearchTableViewCell.swift in Sources */,
				B5C03BD8295D87FD00B977C6 /* UILabel+LoadingIndicator.swift in Sources */,
			);
			runOnlyForDeploymentPostprocessing = 0;
		};
/* End PBXSourcesBuildPhase section */

/* Begin PBXVariantGroup section */
		B520B5442923D2EF0075E3AF /* LaunchScreen.storyboard */ = {
			isa = PBXVariantGroup;
			children = (
				B520B5452923D2EF0075E3AF /* Base */,
			);
			name = LaunchScreen.storyboard;
			sourceTree = "<group>";
		};
/* End PBXVariantGroup section */

/* Begin XCBuildConfiguration section */
		B520B5482923D2EF0075E3AF /* Debug */ = {
			isa = XCBuildConfiguration;
			buildSettings = {
				ALWAYS_SEARCH_USER_PATHS = NO;
				CLANG_ANALYZER_NONNULL = YES;
				CLANG_ANALYZER_NUMBER_OBJECT_CONVERSION = YES_AGGRESSIVE;
				CLANG_CXX_LANGUAGE_STANDARD = "gnu++20";
				CLANG_ENABLE_MODULES = YES;
				CLANG_ENABLE_OBJC_ARC = YES;
				CLANG_ENABLE_OBJC_WEAK = YES;
				CLANG_WARN_BLOCK_CAPTURE_AUTORELEASING = YES;
				CLANG_WARN_BOOL_CONVERSION = YES;
				CLANG_WARN_COMMA = YES;
				CLANG_WARN_CONSTANT_CONVERSION = YES;
				CLANG_WARN_DEPRECATED_OBJC_IMPLEMENTATIONS = YES;
				CLANG_WARN_DIRECT_OBJC_ISA_USAGE = YES_ERROR;
				CLANG_WARN_DOCUMENTATION_COMMENTS = YES;
				CLANG_WARN_EMPTY_BODY = YES;
				CLANG_WARN_ENUM_CONVERSION = YES;
				CLANG_WARN_INFINITE_RECURSION = YES;
				CLANG_WARN_INT_CONVERSION = YES;
				CLANG_WARN_NON_LITERAL_NULL_CONVERSION = YES;
				CLANG_WARN_OBJC_IMPLICIT_RETAIN_SELF = YES;
				CLANG_WARN_OBJC_LITERAL_CONVERSION = YES;
				CLANG_WARN_OBJC_ROOT_CLASS = YES_ERROR;
				CLANG_WARN_QUOTED_INCLUDE_IN_FRAMEWORK_HEADER = YES;
				CLANG_WARN_RANGE_LOOP_ANALYSIS = YES;
				CLANG_WARN_STRICT_PROTOTYPES = YES;
				CLANG_WARN_SUSPICIOUS_MOVE = YES;
				CLANG_WARN_UNGUARDED_AVAILABILITY = YES_AGGRESSIVE;
				CLANG_WARN_UNREACHABLE_CODE = YES;
				CLANG_WARN__DUPLICATE_METHOD_MATCH = YES;
				COPY_PHASE_STRIP = NO;
				DEBUG_INFORMATION_FORMAT = dwarf;
				ENABLE_STRICT_OBJC_MSGSEND = YES;
				ENABLE_TESTABILITY = YES;
				GCC_C_LANGUAGE_STANDARD = gnu11;
				GCC_DYNAMIC_NO_PIC = NO;
				GCC_NO_COMMON_BLOCKS = YES;
				GCC_OPTIMIZATION_LEVEL = 0;
				GCC_PREPROCESSOR_DEFINITIONS = (
					"DEBUG=1",
					"$(inherited)",
				);
				GCC_WARN_64_TO_32_BIT_CONVERSION = YES;
				GCC_WARN_ABOUT_RETURN_TYPE = YES_ERROR;
				GCC_WARN_UNDECLARED_SELECTOR = YES;
				GCC_WARN_UNINITIALIZED_AUTOS = YES_AGGRESSIVE;
				GCC_WARN_UNUSED_FUNCTION = YES;
				GCC_WARN_UNUSED_VARIABLE = YES;
				IPHONEOS_DEPLOYMENT_TARGET = 16.0;
				MTL_ENABLE_DEBUG_INFO = INCLUDE_SOURCE;
				MTL_FAST_MATH = YES;
				ONLY_ACTIVE_ARCH = YES;
				SDKROOT = iphoneos;
				SWIFT_ACTIVE_COMPILATION_CONDITIONS = DEBUG;
				SWIFT_OPTIMIZATION_LEVEL = "-Onone";
			};
			name = Debug;
		};
		B520B5492923D2EF0075E3AF /* Release */ = {
			isa = XCBuildConfiguration;
			buildSettings = {
				ALWAYS_SEARCH_USER_PATHS = NO;
				CLANG_ANALYZER_NONNULL = YES;
				CLANG_ANALYZER_NUMBER_OBJECT_CONVERSION = YES_AGGRESSIVE;
				CLANG_CXX_LANGUAGE_STANDARD = "gnu++20";
				CLANG_ENABLE_MODULES = YES;
				CLANG_ENABLE_OBJC_ARC = YES;
				CLANG_ENABLE_OBJC_WEAK = YES;
				CLANG_WARN_BLOCK_CAPTURE_AUTORELEASING = YES;
				CLANG_WARN_BOOL_CONVERSION = YES;
				CLANG_WARN_COMMA = YES;
				CLANG_WARN_CONSTANT_CONVERSION = YES;
				CLANG_WARN_DEPRECATED_OBJC_IMPLEMENTATIONS = YES;
				CLANG_WARN_DIRECT_OBJC_ISA_USAGE = YES_ERROR;
				CLANG_WARN_DOCUMENTATION_COMMENTS = YES;
				CLANG_WARN_EMPTY_BODY = YES;
				CLANG_WARN_ENUM_CONVERSION = YES;
				CLANG_WARN_INFINITE_RECURSION = YES;
				CLANG_WARN_INT_CONVERSION = YES;
				CLANG_WARN_NON_LITERAL_NULL_CONVERSION = YES;
				CLANG_WARN_OBJC_IMPLICIT_RETAIN_SELF = YES;
				CLANG_WARN_OBJC_LITERAL_CONVERSION = YES;
				CLANG_WARN_OBJC_ROOT_CLASS = YES_ERROR;
				CLANG_WARN_QUOTED_INCLUDE_IN_FRAMEWORK_HEADER = YES;
				CLANG_WARN_RANGE_LOOP_ANALYSIS = YES;
				CLANG_WARN_STRICT_PROTOTYPES = YES;
				CLANG_WARN_SUSPICIOUS_MOVE = YES;
				CLANG_WARN_UNGUARDED_AVAILABILITY = YES_AGGRESSIVE;
				CLANG_WARN_UNREACHABLE_CODE = YES;
				CLANG_WARN__DUPLICATE_METHOD_MATCH = YES;
				COPY_PHASE_STRIP = NO;
				DEBUG_INFORMATION_FORMAT = "dwarf-with-dsym";
				ENABLE_NS_ASSERTIONS = NO;
				ENABLE_STRICT_OBJC_MSGSEND = YES;
				GCC_C_LANGUAGE_STANDARD = gnu11;
				GCC_NO_COMMON_BLOCKS = YES;
				GCC_WARN_64_TO_32_BIT_CONVERSION = YES;
				GCC_WARN_ABOUT_RETURN_TYPE = YES_ERROR;
				GCC_WARN_UNDECLARED_SELECTOR = YES;
				GCC_WARN_UNINITIALIZED_AUTOS = YES_AGGRESSIVE;
				GCC_WARN_UNUSED_FUNCTION = YES;
				GCC_WARN_UNUSED_VARIABLE = YES;
				IPHONEOS_DEPLOYMENT_TARGET = 16.0;
				MTL_ENABLE_DEBUG_INFO = NO;
				MTL_FAST_MATH = YES;
				SDKROOT = iphoneos;
				SWIFT_COMPILATION_MODE = wholemodule;
				SWIFT_OPTIMIZATION_LEVEL = "-O";
				VALIDATE_PRODUCT = YES;
			};
			name = Release;
		};
		B520B54B2923D2EF0075E3AF /* Debug */ = {
			isa = XCBuildConfiguration;
			buildSettings = {
				ASSETCATALOG_COMPILER_APPICON_NAME = AppIcon;
				ASSETCATALOG_COMPILER_GLOBAL_ACCENT_COLOR_NAME = AccentColor;
				CODE_SIGN_STYLE = Automatic;
				CURRENT_PROJECT_VERSION = 1;
				DEVELOPMENT_TEAM = V352R4M2J4;
				GENERATE_INFOPLIST_FILE = YES;
				INFOPLIST_FILE = GithubAPI_App/App/Info.plist;
				INFOPLIST_KEY_UIApplicationSupportsIndirectInputEvents = YES;
				INFOPLIST_KEY_UILaunchStoryboardName = LaunchScreen;
				INFOPLIST_KEY_UISupportedInterfaceOrientations_iPad = "UIInterfaceOrientationPortrait UIInterfaceOrientationPortraitUpsideDown UIInterfaceOrientationLandscapeLeft UIInterfaceOrientationLandscapeRight";
				INFOPLIST_KEY_UISupportedInterfaceOrientations_iPhone = "UIInterfaceOrientationPortrait UIInterfaceOrientationLandscapeLeft UIInterfaceOrientationLandscapeRight";
				LD_RUNPATH_SEARCH_PATHS = (
					"$(inherited)",
					"@executable_path/Frameworks",
				);
				MARKETING_VERSION = 1.0;
				PRODUCT_BUNDLE_IDENTIFIER = "pavel.GithubAPI-App";
				PRODUCT_NAME = "$(TARGET_NAME)";
				SWIFT_EMIT_LOC_STRINGS = YES;
				SWIFT_VERSION = 5.0;
				TARGETED_DEVICE_FAMILY = "1,2";
			};
			name = Debug;
		};
		B520B54C2923D2EF0075E3AF /* Release */ = {
			isa = XCBuildConfiguration;
			buildSettings = {
				ASSETCATALOG_COMPILER_APPICON_NAME = AppIcon;
				ASSETCATALOG_COMPILER_GLOBAL_ACCENT_COLOR_NAME = AccentColor;
				CODE_SIGN_STYLE = Automatic;
				CURRENT_PROJECT_VERSION = 1;
				DEVELOPMENT_TEAM = V352R4M2J4;
				GENERATE_INFOPLIST_FILE = YES;
				INFOPLIST_FILE = GithubAPI_App/App/Info.plist;
				INFOPLIST_KEY_UIApplicationSupportsIndirectInputEvents = YES;
				INFOPLIST_KEY_UILaunchStoryboardName = LaunchScreen;
				INFOPLIST_KEY_UISupportedInterfaceOrientations_iPad = "UIInterfaceOrientationPortrait UIInterfaceOrientationPortraitUpsideDown UIInterfaceOrientationLandscapeLeft UIInterfaceOrientationLandscapeRight";
				INFOPLIST_KEY_UISupportedInterfaceOrientations_iPhone = "UIInterfaceOrientationPortrait UIInterfaceOrientationLandscapeLeft UIInterfaceOrientationLandscapeRight";
				LD_RUNPATH_SEARCH_PATHS = (
					"$(inherited)",
					"@executable_path/Frameworks",
				);
				MARKETING_VERSION = 1.0;
				PRODUCT_BUNDLE_IDENTIFIER = "pavel.GithubAPI-App";
				PRODUCT_NAME = "$(TARGET_NAME)";
				SWIFT_EMIT_LOC_STRINGS = YES;
				SWIFT_VERSION = 5.0;
				TARGETED_DEVICE_FAMILY = "1,2";
			};
			name = Release;
		};
/* End XCBuildConfiguration section */

/* Begin XCConfigurationList section */
		B520B5312923D2EE0075E3AF /* Build configuration list for PBXProject "GithubAPI_App" */ = {
			isa = XCConfigurationList;
			buildConfigurations = (
				B520B5482923D2EF0075E3AF /* Debug */,
				B520B5492923D2EF0075E3AF /* Release */,
			);
			defaultConfigurationIsVisible = 0;
			defaultConfigurationName = Release;
		};
		B520B54A2923D2EF0075E3AF /* Build configuration list for PBXNativeTarget "GithubAPI_App" */ = {
			isa = XCConfigurationList;
			buildConfigurations = (
				B520B54B2923D2EF0075E3AF /* Debug */,
				B520B54C2923D2EF0075E3AF /* Release */,
			);
			defaultConfigurationIsVisible = 0;
			defaultConfigurationName = Release;
		};
/* End XCConfigurationList section */
	};
	rootObject = B520B52E2923D2EE0075E3AF /* Project object */;
}
