// !$*UTF8*$!
{
	archiveVersion = 1;
	classes = {
	};
	objectVersion = 56;
	objects = {

/* Begin PBXBuildFile section */
		B520B53A2923D2EE0075E3AF /* AppDelegate.swift in Sources */ = {isa = PBXBuildFile; fileRef = B520B5392923D2EE0075E3AF /* AppDelegate.swift */; };
		B520B53C2923D2EE0075E3AF /* SceneDelegate.swift in Sources */ = {isa = PBXBuildFile; fileRef = B520B53B2923D2EE0075E3AF /* SceneDelegate.swift */; };
		B520B53E2923D2EE0075E3AF /* ViewController.swift in Sources */ = {isa = PBXBuildFile; fileRef = B520B53D2923D2EE0075E3AF /* ViewController.swift */; };
		B520B5432923D2EF0075E3AF /* Assets.xcassets in Resources */ = {isa = PBXBuildFile; fileRef = B520B5422923D2EF0075E3AF /* Assets.xcassets */; };
		B520B5462923D2EF0075E3AF /* LaunchScreen.storyboard in Resources */ = {isa = PBXBuildFile; fileRef = B520B5442923D2EF0075E3AF /* LaunchScreen.storyboard */; };
		B520B551292639150075E3AF /* APIManager.swift in Sources */ = {isa = PBXBuildFile; fileRef = B520B550292639150075E3AF /* APIManager.swift */; };
		B520B55329263A820075E3AF /* Repo.swift in Sources */ = {isa = PBXBuildFile; fileRef = B520B55229263A820075E3AF /* Repo.swift */; };
		B520B55529264E3D0075E3AF /* LoginViewController.swift in Sources */ = {isa = PBXBuildFile; fileRef = B520B55429264E3D0075E3AF /* LoginViewController.swift */; };
		B58822B029268767008B67B3 /* Token.swift in Sources */ = {isa = PBXBuildFile; fileRef = B58822AF29268767008B67B3 /* Token.swift */; };
/* End PBXBuildFile section */

/* Begin PBXFileReference section */
		B520B5362923D2EE0075E3AF /* GithubAPI_App.app */ = {isa = PBXFileReference; explicitFileType = wrapper.application; includeInIndex = 0; path = GithubAPI_App.app; sourceTree = BUILT_PRODUCTS_DIR; };
		B520B5392923D2EE0075E3AF /* AppDelegate.swift */ = {isa = PBXFileReference; lastKnownFileType = sourcecode.swift; path = AppDelegate.swift; sourceTree = "<group>"; };
		B520B53B2923D2EE0075E3AF /* SceneDelegate.swift */ = {isa = PBXFileReference; lastKnownFileType = sourcecode.swift; path = SceneDelegate.swift; sourceTree = "<group>"; };
		B520B53D2923D2EE0075E3AF /* ViewController.swift */ = {isa = PBXFileReference; lastKnownFileType = sourcecode.swift; path = ViewController.swift; sourceTree = "<group>"; };
		B520B5422923D2EF0075E3AF /* Assets.xcassets */ = {isa = PBXFileReference; lastKnownFileType = folder.assetcatalog; path = Assets.xcassets; sourceTree = "<group>"; };
		B520B5452923D2EF0075E3AF /* Base */ = {isa = PBXFileReference; lastKnownFileType = file.storyboard; name = Base; path = Base.lproj/LaunchScreen.storyboard; sourceTree = "<group>"; };
		B520B5472923D2EF0075E3AF /* Info.plist */ = {isa = PBXFileReference; lastKnownFileType = text.plist.xml; path = Info.plist; sourceTree = "<group>"; };
		B520B550292639150075E3AF /* APIManager.swift */ = {isa = PBXFileReference; lastKnownFileType = sourcecode.swift; path = APIManager.swift; sourceTree = "<group>"; };
		B520B55229263A820075E3AF /* Repo.swift */ = {isa = PBXFileReference; lastKnownFileType = sourcecode.swift; path = Repo.swift; sourceTree = "<group>"; };
		B520B55429264E3D0075E3AF /* LoginViewController.swift */ = {isa = PBXFileReference; lastKnownFileType = sourcecode.swift; path = LoginViewController.swift; sourceTree = "<group>"; };
		B58822AF29268767008B67B3 /* Token.swift */ = {isa = PBXFileReference; lastKnownFileType = sourcecode.swift; path = Token.swift; sourceTree = "<group>"; };
/* End PBXFileReference section */

/* Begin PBXFrameworksBuildPhase section */
		B520B5332923D2EE0075E3AF /* Frameworks */ = {
			isa = PBXFrameworksBuildPhase;
			buildActionMask = 2147483647;
			files = (
			);
			runOnlyForDeploymentPostprocessing = 0;
		};
/* End PBXFrameworksBuildPhase section */

/* Begin PBXGroup section */
		B520B52D2923D2EE0075E3AF = {
			isa = PBXGroup;
			children = (
				B520B5382923D2EE0075E3AF /* GithubAPI_App */,
				B520B5372923D2EE0075E3AF /* Products */,
			);
			sourceTree = "<group>";
		};
		B520B5372923D2EE0075E3AF /* Products */ = {
			isa = PBXGroup;
			children = (
				B520B5362923D2EE0075E3AF /* GithubAPI_App.app */,
			);
			name = Products;
			sourceTree = "<group>";
		};
		B520B5382923D2EE0075E3AF /* GithubAPI_App */ = {
			isa = PBXGroup;
			children = (
				B520B54E2923D3B10075E3AF /* App */,
				B58822A929265806008B67B3 /* API */,
				B520B54D2923D3AD0075E3AF /* Controllers */,
				B58822A8292657FD008B67B3 /* Model */,
				B520B54F2923D3C10075E3AF /* Resourses */,
				B520B5472923D2EF0075E3AF /* Info.plist */,
			);
			path = GithubAPI_App;
			sourceTree = "<group>";
		};
		B520B54D2923D3AD0075E3AF /* Controllers */ = {
			isa = PBXGroup;
			children = (
				B520B55429264E3D0075E3AF /* LoginViewController.swift */,
				B520B53D2923D2EE0075E3AF /* ViewController.swift */,
			);
			path = Controllers;
			sourceTree = "<group>";
		};
		B520B54E2923D3B10075E3AF /* App */ = {
			isa = PBXGroup;
			children = (
				B520B5392923D2EE0075E3AF /* AppDelegate.swift */,
				B520B53B2923D2EE0075E3AF /* SceneDelegate.swift */,
				B520B5442923D2EF0075E3AF /* LaunchScreen.storyboard */,
			);
			path = App;
			sourceTree = "<group>";
		};
		B520B54F2923D3C10075E3AF /* Resourses */ = {
			isa = PBXGroup;
			children = (
				B520B5422923D2EF0075E3AF /* Assets.xcassets */,
			);
			path = Resourses;
			sourceTree = "<group>";
		};
		B58822A8292657FD008B67B3 /* Model */ = {
			isa = PBXGroup;
			children = (
				B520B55229263A820075E3AF /* Repo.swift */,
				B58822AF29268767008B67B3 /* Token.swift */,
			);
			path = Model;
			sourceTree = "<group>";
		};
		B58822A929265806008B67B3 /* API */ = {
			isa = PBXGroup;
			children = (
				B520B550292639150075E3AF /* APIManager.swift */,
			);
			path = API;
			sourceTree = "<group>";
		};
/* End PBXGroup section */

/* Begin PBXNativeTarget section */
		B520B5352923D2EE0075E3AF /* GithubAPI_App */ = {
			isa = PBXNativeTarget;
			buildConfigurationList = B520B54A2923D2EF0075E3AF /* Build configuration list for PBXNativeTarget "GithubAPI_App" */;
			buildPhases = (
				B520B5322923D2EE0075E3AF /* Sources */,
				B520B5332923D2EE0075E3AF /* Frameworks */,
				B520B5342923D2EE0075E3AF /* Resources */,
			);
			buildRules = (
			);
			dependencies = (
			);
			name = GithubAPI_App;
			packageProductDependencies = (
			);
			productName = GithubAPI_App;
			productReference = B520B5362923D2EE0075E3AF /* GithubAPI_App.app */;
			productType = "com.apple.product-type.application";
		};
/* End PBXNativeTarget section */

/* Begin PBXProject section */
		B520B52E2923D2EE0075E3AF /* Project object */ = {
			isa = PBXProject;
			attributes = {
				BuildIndependentTargetsInParallel = 1;
				LastSwiftUpdateCheck = 1400;
				LastUpgradeCheck = 1400;
				TargetAttributes = {
					B520B5352923D2EE0075E3AF = {
						CreatedOnToolsVersion = 14.0.1;
					};
				};
			};
			buildConfigurationList = B520B5312923D2EE0075E3AF /* Build configuration list for PBXProject "GithubAPI_App" */;
			compatibilityVersion = "Xcode 14.0";
			developmentRegion = en;
			hasScannedForEncodings = 0;
			knownRegions = (
				en,
				Base,
			);
			mainGroup = B520B52D2923D2EE0075E3AF;
			packageReferences = (
			);
			productRefGroup = B520B5372923D2EE0075E3AF /* Products */;
			projectDirPath = "";
			projectRoot = "";
			targets = (
				B520B5352923D2EE0075E3AF /* GithubAPI_App */,
			);
		};
/* End PBXProject section */

/* Begin PBXResourcesBuildPhase section */
		B520B5342923D2EE0075E3AF /* Resources */ = {
			isa = PBXResourcesBuildPhase;
			buildActionMask = 2147483647;
			files = (
				B520B5462923D2EF0075E3AF /* LaunchScreen.storyboard in Resources */,
				B520B5432923D2EF0075E3AF /* Assets.xcassets in Resources */,
			);
			runOnlyForDeploymentPostprocessing = 0;
		};
/* End PBXResourcesBuildPhase section */

/* Begin PBXSourcesBuildPhase section */
		B520B5322923D2EE0075E3AF /* Sources */ = {
			isa = PBXSourcesBuildPhase;
			buildActionMask = 2147483647;
			files = (
				B520B55529264E3D0075E3AF /* LoginViewController.swift in Sources */,
				B58822B029268767008B67B3 /* Token.swift in Sources */,
				B520B551292639150075E3AF /* APIManager.swift in Sources */,
				B520B53E2923D2EE0075E3AF /* ViewController.swift in Sources */,
				B520B55329263A820075E3AF /* Repo.swift in Sources */,
				B520B53A2923D2EE0075E3AF /* AppDelegate.swift in Sources */,
				B520B53C2923D2EE0075E3AF /* SceneDelegate.swift in Sources */,
			);
			runOnlyForDeploymentPostprocessing = 0;
		};
/* End PBXSourcesBuildPhase section */

/* Begin PBXVariantGroup section */
		B520B5442923D2EF0075E3AF /* LaunchScreen.storyboard */ = {
			isa = PBXVariantGroup;
			children = (
				B520B5452923D2EF0075E3AF /* Base */,
			);
			name = LaunchScreen.storyboard;
			sourceTree = "<group>";
		};
/* End PBXVariantGroup section */

/* Begin XCBuildConfiguration section */
		B520B5482923D2EF0075E3AF /* Debug */ = {
			isa = XCBuildConfiguration;
			buildSettings = {
				ALWAYS_SEARCH_USER_PATHS = NO;
				CLANG_ANALYZER_NONNULL = YES;
				CLANG_ANALYZER_NUMBER_OBJECT_CONVERSION = YES_AGGRESSIVE;
				CLANG_CXX_LANGUAGE_STANDARD = "gnu++20";
				CLANG_ENABLE_MODULES = YES;
				CLANG_ENABLE_OBJC_ARC = YES;
				CLANG_ENABLE_OBJC_WEAK = YES;
				CLANG_WARN_BLOCK_CAPTURE_AUTORELEASING = YES;
				CLANG_WARN_BOOL_CONVERSION = YES;
				CLANG_WARN_COMMA = YES;
				CLANG_WARN_CONSTANT_CONVERSION = YES;
				CLANG_WARN_DEPRECATED_OBJC_IMPLEMENTATIONS = YES;
				CLANG_WARN_DIRECT_OBJC_ISA_USAGE = YES_ERROR;
				CLANG_WARN_DOCUMENTATION_COMMENTS = YES;
				CLANG_WARN_EMPTY_BODY = YES;
				CLANG_WARN_ENUM_CONVERSION = YES;
				CLANG_WARN_INFINITE_RECURSION = YES;
				CLANG_WARN_INT_CONVERSION = YES;
				CLANG_WARN_NON_LITERAL_NULL_CONVERSION = YES;
				CLANG_WARN_OBJC_IMPLICIT_RETAIN_SELF = YES;
				CLANG_WARN_OBJC_LITERAL_CONVERSION = YES;
				CLANG_WARN_OBJC_ROOT_CLASS = YES_ERROR;
				CLANG_WARN_QUOTED_INCLUDE_IN_FRAMEWORK_HEADER = YES;
				CLANG_WARN_RANGE_LOOP_ANALYSIS = YES;
				CLANG_WARN_STRICT_PROTOTYPES = YES;
				CLANG_WARN_SUSPICIOUS_MOVE = YES;
				CLANG_WARN_UNGUARDED_AVAILABILITY = YES_AGGRESSIVE;
				CLANG_WARN_UNREACHABLE_CODE = YES;
				CLANG_WARN__DUPLICATE_METHOD_MATCH = YES;
				COPY_PHASE_STRIP = NO;
				DEBUG_INFORMATION_FORMAT = dwarf;
				ENABLE_STRICT_OBJC_MSGSEND = YES;
				ENABLE_TESTABILITY = YES;
				GCC_C_LANGUAGE_STANDARD = gnu11;
				GCC_DYNAMIC_NO_PIC = NO;
				GCC_NO_COMMON_BLOCKS = YES;
				GCC_OPTIMIZATION_LEVEL = 0;
				GCC_PREPROCESSOR_DEFINITIONS = (
					"DEBUG=1",
					"$(inherited)",
				);
				GCC_WARN_64_TO_32_BIT_CONVERSION = YES;
				GCC_WARN_ABOUT_RETURN_TYPE = YES_ERROR;
				GCC_WARN_UNDECLARED_SELECTOR = YES;
				GCC_WARN_UNINITIALIZED_AUTOS = YES_AGGRESSIVE;
				GCC_WARN_UNUSED_FUNCTION = YES;
				GCC_WARN_UNUSED_VARIABLE = YES;
				IPHONEOS_DEPLOYMENT_TARGET = 16.0;
				MTL_ENABLE_DEBUG_INFO = INCLUDE_SOURCE;
				MTL_FAST_MATH = YES;
				ONLY_ACTIVE_ARCH = YES;
				SDKROOT = iphoneos;
				SWIFT_ACTIVE_COMPILATION_CONDITIONS = DEBUG;
				SWIFT_OPTIMIZATION_LEVEL = "-Onone";
			};
			name = Debug;
		};
		B520B5492923D2EF0075E3AF /* Release */ = {
			isa = XCBuildConfiguration;
			buildSettings = {
				ALWAYS_SEARCH_USER_PATHS = NO;
				CLANG_ANALYZER_NONNULL = YES;
				CLANG_ANALYZER_NUMBER_OBJECT_CONVERSION = YES_AGGRESSIVE;
				CLANG_CXX_LANGUAGE_STANDARD = "gnu++20";
				CLANG_ENABLE_MODULES = YES;
				CLANG_ENABLE_OBJC_ARC = YES;
				CLANG_ENABLE_OBJC_WEAK = YES;
				CLANG_WARN_BLOCK_CAPTURE_AUTORELEASING = YES;
				CLANG_WARN_BOOL_CONVERSION = YES;
				CLANG_WARN_COMMA = YES;
				CLANG_WARN_CONSTANT_CONVERSION = YES;
				CLANG_WARN_DEPRECATED_OBJC_IMPLEMENTATIONS = YES;
				CLANG_WARN_DIRECT_OBJC_ISA_USAGE = YES_ERROR;
				CLANG_WARN_DOCUMENTATION_COMMENTS = YES;
				CLANG_WARN_EMPTY_BODY = YES;
				CLANG_WARN_ENUM_CONVERSION = YES;
				CLANG_WARN_INFINITE_RECURSION = YES;
				CLANG_WARN_INT_CONVERSION = YES;
				CLANG_WARN_NON_LITERAL_NULL_CONVERSION = YES;
				CLANG_WARN_OBJC_IMPLICIT_RETAIN_SELF = YES;
				CLANG_WARN_OBJC_LITERAL_CONVERSION = YES;
				CLANG_WARN_OBJC_ROOT_CLASS = YES_ERROR;
				CLANG_WARN_QUOTED_INCLUDE_IN_FRAMEWORK_HEADER = YES;
				CLANG_WARN_RANGE_LOOP_ANALYSIS = YES;
				CLANG_WARN_STRICT_PROTOTYPES = YES;
				CLANG_WARN_SUSPICIOUS_MOVE = YES;
				CLANG_WARN_UNGUARDED_AVAILABILITY = YES_AGGRESSIVE;
				CLANG_WARN_UNREACHABLE_CODE = YES;
				CLANG_WARN__DUPLICATE_METHOD_MATCH = YES;
				COPY_PHASE_STRIP = NO;
				DEBUG_INFORMATION_FORMAT = "dwarf-with-dsym";
				ENABLE_NS_ASSERTIONS = NO;
				ENABLE_STRICT_OBJC_MSGSEND = YES;
				GCC_C_LANGUAGE_STANDARD = gnu11;
				GCC_NO_COMMON_BLOCKS = YES;
				GCC_WARN_64_TO_32_BIT_CONVERSION = YES;
				GCC_WARN_ABOUT_RETURN_TYPE = YES_ERROR;
				GCC_WARN_UNDECLARED_SELECTOR = YES;
				GCC_WARN_UNINITIALIZED_AUTOS = YES_AGGRESSIVE;
				GCC_WARN_UNUSED_FUNCTION = YES;
				GCC_WARN_UNUSED_VARIABLE = YES;
				IPHONEOS_DEPLOYMENT_TARGET = 16.0;
				MTL_ENABLE_DEBUG_INFO = NO;
				MTL_FAST_MATH = YES;
				SDKROOT = iphoneos;
				SWIFT_COMPILATION_MODE = wholemodule;
				SWIFT_OPTIMIZATION_LEVEL = "-O";
				VALIDATE_PRODUCT = YES;
			};
			name = Release;
		};
		B520B54B2923D2EF0075E3AF /* Debug */ = {
			isa = XCBuildConfiguration;
			buildSettings = {
				ASSETCATALOG_COMPILER_APPICON_NAME = AppIcon;
				ASSETCATALOG_COMPILER_GLOBAL_ACCENT_COLOR_NAME = AccentColor;
				CODE_SIGN_STYLE = Automatic;
				CURRENT_PROJECT_VERSION = 1;
				DEVELOPMENT_TEAM = V352R4M2J4;
				GENERATE_INFOPLIST_FILE = YES;
				INFOPLIST_FILE = GithubAPI_App/Info.plist;
				INFOPLIST_KEY_UIApplicationSupportsIndirectInputEvents = YES;
				INFOPLIST_KEY_UILaunchStoryboardName = LaunchScreen;
				INFOPLIST_KEY_UISupportedInterfaceOrientations_iPad = "UIInterfaceOrientationPortrait UIInterfaceOrientationPortraitUpsideDown UIInterfaceOrientationLandscapeLeft UIInterfaceOrientationLandscapeRight";
				INFOPLIST_KEY_UISupportedInterfaceOrientations_iPhone = "UIInterfaceOrientationPortrait UIInterfaceOrientationLandscapeLeft UIInterfaceOrientationLandscapeRight";
				LD_RUNPATH_SEARCH_PATHS = (
					"$(inherited)",
					"@executable_path/Frameworks",
				);
				MARKETING_VERSION = 1.0;
				PRODUCT_BUNDLE_IDENTIFIER = "pavel.GithubAPI-App";
				PRODUCT_NAME = "$(TARGET_NAME)";
				SWIFT_EMIT_LOC_STRINGS = YES;
				SWIFT_VERSION = 5.0;
				TARGETED_DEVICE_FAMILY = "1,2";
			};
			name = Debug;
		};
		B520B54C2923D2EF0075E3AF /* Release */ = {
			isa = XCBuildConfiguration;
			buildSettings = {
				ASSETCATALOG_COMPILER_APPICON_NAME = AppIcon;
				ASSETCATALOG_COMPILER_GLOBAL_ACCENT_COLOR_NAME = AccentColor;
				CODE_SIGN_STYLE = Automatic;
				CURRENT_PROJECT_VERSION = 1;
				DEVELOPMENT_TEAM = V352R4M2J4;
				GENERATE_INFOPLIST_FILE = YES;
				INFOPLIST_FILE = GithubAPI_App/Info.plist;
				INFOPLIST_KEY_UIApplicationSupportsIndirectInputEvents = YES;
				INFOPLIST_KEY_UILaunchStoryboardName = LaunchScreen;
				INFOPLIST_KEY_UISupportedInterfaceOrientations_iPad = "UIInterfaceOrientationPortrait UIInterfaceOrientationPortraitUpsideDown UIInterfaceOrientationLandscapeLeft UIInterfaceOrientationLandscapeRight";
				INFOPLIST_KEY_UISupportedInterfaceOrientations_iPhone = "UIInterfaceOrientationPortrait UIInterfaceOrientationLandscapeLeft UIInterfaceOrientationLandscapeRight";
				LD_RUNPATH_SEARCH_PATHS = (
					"$(inherited)",
					"@executable_path/Frameworks",
				);
				MARKETING_VERSION = 1.0;
				PRODUCT_BUNDLE_IDENTIFIER = "pavel.GithubAPI-App";
				PRODUCT_NAME = "$(TARGET_NAME)";
				SWIFT_EMIT_LOC_STRINGS = YES;
				SWIFT_VERSION = 5.0;
				TARGETED_DEVICE_FAMILY = "1,2";
			};
			name = Release;
		};
/* End XCBuildConfiguration section */

/* Begin XCConfigurationList section */
		B520B5312923D2EE0075E3AF /* Build configuration list for PBXProject "GithubAPI_App" */ = {
			isa = XCConfigurationList;
			buildConfigurations = (
				B520B5482923D2EF0075E3AF /* Debug */,
				B520B5492923D2EF0075E3AF /* Release */,
			);
			defaultConfigurationIsVisible = 0;
			defaultConfigurationName = Release;
		};
		B520B54A2923D2EF0075E3AF /* Build configuration list for PBXNativeTarget "GithubAPI_App" */ = {
			isa = XCConfigurationList;
			buildConfigurations = (
				B520B54B2923D2EF0075E3AF /* Debug */,
				B520B54C2923D2EF0075E3AF /* Release */,
			);
			defaultConfigurationIsVisible = 0;
			defaultConfigurationName = Release;
		};
/* End XCConfigurationList section */
	};
	rootObject = B520B52E2923D2EE0075E3AF /* Project object */;
}
